// !$*UTF8*$!
{
	archiveVersion = 1;
	classes = {
	};
	objectVersion = 46;
	objects = {

/* Begin PBXBuildFile section */
		FE294D6D1A625167004088A2 /* main.m in Sources */ = {isa = PBXBuildFile; fileRef = FE294D6C1A625167004088A2 /* main.m */; };
		FE294D701A625167004088A2 /* AppDelegate.m in Sources */ = {isa = PBXBuildFile; fileRef = FE294D6F1A625167004088A2 /* AppDelegate.m */; };
		FE294D721A625167004088A2 /* Images.xcassets in Resources */ = {isa = PBXBuildFile; fileRef = FE294D711A625167004088A2 /* Images.xcassets */; };
		FE294D751A625167004088A2 /* LaunchScreen.xib in Resources */ = {isa = PBXBuildFile; fileRef = FE294D731A625167004088A2 /* LaunchScreen.xib */; };
		FE294D811A625167004088A2 /* testTests.m in Sources */ = {isa = PBXBuildFile; fileRef = FE294D801A625167004088A2 /* testTests.m */; };
		FE294D951A6256C9004088A2 /* mainController.m in Sources */ = {isa = PBXBuildFile; fileRef = FE294D931A6256C9004088A2 /* mainController.m */; };
		FE294D961A6256C9004088A2 /* mainController.xib in Resources */ = {isa = PBXBuildFile; fileRef = FE294D941A6256C9004088A2 /* mainController.xib */; };
/* End PBXBuildFile section */

/* Begin PBXContainerItemProxy section */
		FE294D7B1A625167004088A2 /* PBXContainerItemProxy */ = {
			isa = PBXContainerItemProxy;
			containerPortal = FE294D5F1A625167004088A2 /* Project object */;
			proxyType = 1;
			remoteGlobalIDString = FE294D661A625167004088A2;
			remoteInfo = test;
		};
/* End PBXContainerItemProxy section */

/* Begin PBXFileReference section */
		FE294D671A625167004088A2 /* test.app */ = {isa = PBXFileReference; explicitFileType = wrapper.application; includeInIndex = 0; path = test.app; sourceTree = BUILT_PRODUCTS_DIR; };
		FE294D6B1A625167004088A2 /* Info.plist */ = {isa = PBXFileReference; lastKnownFileType = text.plist.xml; path = Info.plist; sourceTree = "<group>"; };
		FE294D6C1A625167004088A2 /* main.m */ = {isa = PBXFileReference; lastKnownFileType = sourcecode.c.objc; path = main.m; sourceTree = "<group>"; };
		FE294D6E1A625167004088A2 /* AppDelegate.h */ = {isa = PBXFileReference; lastKnownFileType = sourcecode.c.h; path = AppDelegate.h; sourceTree = "<group>"; };
		FE294D6F1A625167004088A2 /* AppDelegate.m */ = {isa = PBXFileReference; lastKnownFileType = sourcecode.c.objc; path = AppDelegate.m; sourceTree = "<group>"; };
		FE294D711A625167004088A2 /* Images.xcassets */ = {isa = PBXFileReference; lastKnownFileType = folder.assetcatalog; path = Images.xcassets; sourceTree = "<group>"; };
		FE294D741A625167004088A2 /* Base */ = {isa = PBXFileReference; lastKnownFileType = file.xib; name = Base; path = Base.lproj/LaunchScreen.xib; sourceTree = "<group>"; };
		FE294D7A1A625167004088A2 /* testTests.xctest */ = {isa = PBXFileReference; explicitFileType = wrapper.cfbundle; includeInIndex = 0; path = testTests.xctest; sourceTree = BUILT_PRODUCTS_DIR; };
		FE294D7F1A625167004088A2 /* Info.plist */ = {isa = PBXFileReference; lastKnownFileType = text.plist.xml; path = Info.plist; sourceTree = "<group>"; };
		FE294D801A625167004088A2 /* testTests.m */ = {isa = PBXFileReference; lastKnownFileType = sourcecode.c.objc; path = testTests.m; sourceTree = "<group>"; };
		FE294D921A6256C9004088A2 /* mainController.h */ = {isa = PBXFileReference; fileEncoding = 4; lastKnownFileType = sourcecode.c.h; path = mainController.h; sourceTree = "<group>"; };
		FE294D931A6256C9004088A2 /* mainController.m */ = {isa = PBXFileReference; fileEncoding = 4; lastKnownFileType = sourcecode.c.objc; path = mainController.m; sourceTree = "<group>"; };
		FE294D941A6256C9004088A2 /* mainController.xib */ = {isa = PBXFileReference; fileEncoding = 4; lastKnownFileType = file.xib; path = mainController.xib; sourceTree = "<group>"; };
/* End PBXFileReference section */

/* Begin PBXFrameworksBuildPhase section */
		FE294D641A625167004088A2 /* Frameworks */ = {
			isa = PBXFrameworksBuildPhase;
			buildActionMask = 2147483647;
			files = (
			);
			runOnlyForDeploymentPostprocessing = 0;
		};
		FE294D771A625167004088A2 /* Frameworks */ = {
			isa = PBXFrameworksBuildPhase;
			buildActionMask = 2147483647;
			files = (
			);
			runOnlyForDeploymentPostprocessing = 0;
		};
/* End PBXFrameworksBuildPhase section */

/* Begin PBXGroup section */
		FE294D5E1A625167004088A2 = {
			isa = PBXGroup;
			children = (
				FE294D691A625167004088A2 /* test */,
				FE294D7D1A625167004088A2 /* testTests */,
				FE294D681A625167004088A2 /* Products */,
			);
			sourceTree = "<group>";
		};
		FE294D681A625167004088A2 /* Products */ = {
			isa = PBXGroup;
			children = (
				FE294D671A625167004088A2 /* test.app */,
				FE294D7A1A625167004088A2 /* testTests.xctest */,
			);
			name = Products;
			sourceTree = "<group>";
		};
		FE294D691A625167004088A2 /* test */ = {
			isa = PBXGroup;
			children = (
				FE294D8B1A6253A4004088A2 /* viewControllers */,
				FE294D8A1A62537D004088A2 /* app delegate */,
				FE294D711A625167004088A2 /* Images.xcassets */,
				FE294D731A625167004088A2 /* LaunchScreen.xib */,
				FE294D6A1A625167004088A2 /* Supporting Files */,
			);
			path = test;
			sourceTree = "<group>";
		};
		FE294D6A1A625167004088A2 /* Supporting Files */ = {
			isa = PBXGroup;
			children = (
				FE294D6B1A625167004088A2 /* Info.plist */,
				FE294D6C1A625167004088A2 /* main.m */,
			);
			name = "Supporting Files";
			sourceTree = "<group>";
		};
		FE294D7D1A625167004088A2 /* testTests */ = {
			isa = PBXGroup;
			children = (
				FE294D801A625167004088A2 /* testTests.m */,
				FE294D7E1A625167004088A2 /* Supporting Files */,
			);
			path = testTests;
			sourceTree = "<group>";
		};
		FE294D7E1A625167004088A2 /* Supporting Files */ = {
			isa = PBXGroup;
			children = (
				FE294D7F1A625167004088A2 /* Info.plist */,
			);
			name = "Supporting Files";
			sourceTree = "<group>";
		};
		FE294D8A1A62537D004088A2 /* app delegate */ = {
			isa = PBXGroup;
			children = (
				FE294D6E1A625167004088A2 /* AppDelegate.h */,
				FE294D6F1A625167004088A2 /* AppDelegate.m */,
			);
			name = "app delegate";
			sourceTree = "<group>";
		};
		FE294D8B1A6253A4004088A2 /* viewControllers */ = {
			isa = PBXGroup;
			children = (
				FE294D8C1A6253D1004088A2 /* mainController */,
			);
			name = viewControllers;
			sourceTree = "<group>";
		};
		FE294D8C1A6253D1004088A2 /* mainController */ = {
			isa = PBXGroup;
			children = (
				FE294D921A6256C9004088A2 /* mainController.h */,
				FE294D931A6256C9004088A2 /* mainController.m */,
				FE294D941A6256C9004088A2 /* mainController.xib */,
			);
			name = mainController;
			sourceTree = "<group>";
		};
/* End PBXGroup section */

/* Begin PBXNativeTarget section */
		FE294D661A625167004088A2 /* test */ = {
			isa = PBXNativeTarget;
			buildConfigurationList = FE294D841A625167004088A2 /* Build configuration list for PBXNativeTarget "test" */;
			buildPhases = (
				FE294D631A625167004088A2 /* Sources */,
				FE294D641A625167004088A2 /* Frameworks */,
				FE294D651A625167004088A2 /* Resources */,
			);
			buildRules = (
			);
			dependencies = (
			);
			name = test;
			productName = test;
			productReference = FE294D671A625167004088A2 /* test.app */;
			productType = "com.apple.product-type.application";
		};
		FE294D791A625167004088A2 /* testTests */ = {
			isa = PBXNativeTarget;
			buildConfigurationList = FE294D871A625167004088A2 /* Build configuration list for PBXNativeTarget "testTests" */;
			buildPhases = (
				FE294D761A625167004088A2 /* Sources */,
				FE294D771A625167004088A2 /* Frameworks */,
				FE294D781A625167004088A2 /* Resources */,
			);
			buildRules = (
			);
			dependencies = (
				FE294D7C1A625167004088A2 /* PBXTargetDependency */,
			);
			name = testTests;
			productName = testTests;
			productReference = FE294D7A1A625167004088A2 /* testTests.xctest */;
			productType = "com.apple.product-type.bundle.unit-test";
		};
/* End PBXNativeTarget section */

/* Begin PBXProject section */
		FE294D5F1A625167004088A2 /* Project object */ = {
			isa = PBXProject;
			attributes = {
				LastUpgradeCheck = 0610;
				ORGANIZATIONNAME = xcreenlab;
				TargetAttributes = {
					FE294D661A625167004088A2 = {
						CreatedOnToolsVersion = 6.1.1;
					};
					FE294D791A625167004088A2 = {
						CreatedOnToolsVersion = 6.1.1;
						TestTargetID = FE294D661A625167004088A2;
					};
				};
			};
			buildConfigurationList = FE294D621A625167004088A2 /* Build configuration list for PBXProject "test" */;
			compatibilityVersion = "Xcode 3.2";
			developmentRegion = English;
			hasScannedForEncodings = 0;
			knownRegions = (
				en,
				Base,
			);
			mainGroup = FE294D5E1A625167004088A2;
			productRefGroup = FE294D681A625167004088A2 /* Products */;
			projectDirPath = "";
			projectRoot = "";
			targets = (
				FE294D661A625167004088A2 /* test */,
				FE294D791A625167004088A2 /* testTests */,
			);
		};
/* End PBXProject section */

/* Begin PBXResourcesBuildPhase section */
		FE294D651A625167004088A2 /* Resources */ = {
			isa = PBXResourcesBuildPhase;
			buildActionMask = 2147483647;
			files = (
				FE294D751A625167004088A2 /* LaunchScreen.xib in Resources */,
				FE294D721A625167004088A2 /* Images.xcassets in Resources */,
				FE294D961A6256C9004088A2 /* mainController.xib in Resources */,
			);
			runOnlyForDeploymentPostprocessing = 0;
		};
		FE294D781A625167004088A2 /* Resources */ = {
			isa = PBXResourcesBuildPhase;
			buildActionMask = 2147483647;
			files = (
			);
			runOnlyForDeploymentPostprocessing = 0;
		};
/* End PBXResourcesBuildPhase section */

/* Begin PBXSourcesBuildPhase section */
		FE294D631A625167004088A2 /* Sources */ = {
			isa = PBXSourcesBuildPhase;
			buildActionMask = 2147483647;
			files = (
				FE294D951A6256C9004088A2 /* mainController.m in Sources */,
				FE294D701A625167004088A2 /* AppDelegate.m in Sources */,
				FE294D6D1A625167004088A2 /* main.m in Sources */,
			);
			runOnlyForDeploymentPostprocessing = 0;
		};
		FE294D761A625167004088A2 /* Sources */ = {
			isa = PBXSourcesBuildPhase;
			buildActionMask = 2147483647;
			files = (
				FE294D811A625167004088A2 /* testTests.m in Sources */,
			);
			runOnlyForDeploymentPostprocessing = 0;
		};
/* End PBXSourcesBuildPhase section */

/* Begin PBXTargetDependency section */
		FE294D7C1A625167004088A2 /* PBXTargetDependency */ = {
			isa = PBXTargetDependency;
			target = FE294D661A625167004088A2 /* test */;
			targetProxy = FE294D7B1A625167004088A2 /* PBXContainerItemProxy */;
		};
/* End PBXTargetDependency section */

/* Begin PBXVariantGroup section */
		FE294D731A625167004088A2 /* LaunchScreen.xib */ = {
			isa = PBXVariantGroup;
			children = (
				FE294D741A625167004088A2 /* Base */,
			);
			name = LaunchScreen.xib;
			sourceTree = "<group>";
		};
/* End PBXVariantGroup section */

/* Begin XCBuildConfiguration section */
		FE294D821A625167004088A2 /* Debug */ = {
			isa = XCBuildConfiguration;
			buildSettings = {
				ALWAYS_SEARCH_USER_PATHS = NO;
				CLANG_CXX_LANGUAGE_STANDARD = "gnu++0x";
				CLANG_CXX_LIBRARY = "libc++";
				CLANG_ENABLE_MODULES = YES;
				CLANG_ENABLE_OBJC_ARC = YES;
				CLANG_WARN_BOOL_CONVERSION = YES;
				CLANG_WARN_CONSTANT_CONVERSION = YES;
				CLANG_WARN_DIRECT_OBJC_ISA_USAGE = YES_ERROR;
				CLANG_WARN_EMPTY_BODY = YES;
				CLANG_WARN_ENUM_CONVERSION = YES;
				CLANG_WARN_INT_CONVERSION = YES;
				CLANG_WARN_OBJC_ROOT_CLASS = YES_ERROR;
				CLANG_WARN_UNREACHABLE_CODE = YES;
				CLANG_WARN__DUPLICATE_METHOD_MATCH = YES;
				"CODE_SIGN_IDENTITY[sdk=iphoneos*]" = "iPhone Developer";
				COPY_PHASE_STRIP = NO;
				ENABLE_STRICT_OBJC_MSGSEND = YES;
				GCC_C_LANGUAGE_STANDARD = gnu99;
				GCC_DYNAMIC_NO_PIC = NO;
				GCC_OPTIMIZATION_LEVEL = 0;
				GCC_PREPROCESSOR_DEFINITIONS = (
					"DEBUG=1",
					"$(inherited)",
				);
				GCC_SYMBOLS_PRIVATE_EXTERN = NO;
				GCC_WARN_64_TO_32_BIT_CONVERSION = YES;
				GCC_WARN_ABOUT_RETURN_TYPE = YES_ERROR;
				GCC_WARN_UNDECLARED_SELECTOR = YES;
				GCC_WARN_UNINITIALIZED_AUTOS = YES_AGGRESSIVE;
				GCC_WARN_UNUSED_FUNCTION = YES;
				GCC_WARN_UNUSED_VARIABLE = YES;
				IPHONEOS_DEPLOYMENT_TARGET = 8.1;
				MTL_ENABLE_DEBUG_INFO = YES;
				ONLY_ACTIVE_ARCH = YES;
				SDKROOT = iphoneos;
			};
			name = Debug;
		};
		FE294D831A625167004088A2 /* Release */ = {
			isa = XCBuildConfiguration;
			buildSettings = {
				ALWAYS_SEARCH_USER_PATHS = NO;
				CLANG_CXX_LANGUAGE_STANDARD = "gnu++0x";
				CLANG_CXX_LIBRARY = "libc++";
				CLANG_ENABLE_MODULES = YES;
				CLANG_ENABLE_OBJC_ARC = YES;
				CLANG_WARN_BOOL_CONVERSION = YES;
				CLANG_WARN_CONSTANT_CONVERSION = YES;
				CLANG_WARN_DIRECT_OBJC_ISA_USAGE = YES_ERROR;
				CLANG_WARN_EMPTY_BODY = YES;
				CLANG_WARN_ENUM_CONVERSION = YES;
				CLANG_WARN_INT_CONVERSION = YES;
				CLANG_WARN_OBJC_ROOT_CLASS = YES_ERROR;
				CLANG_WARN_UNREACHABLE_CODE = YES;
				CLANG_WARN__DUPLICATE_METHOD_MATCH = YES;
				"CODE_SIGN_IDENTITY[sdk=iphoneos*]" = "iPhone Developer";
				COPY_PHASE_STRIP = YES;
				ENABLE_NS_ASSERTIONS = NO;
				ENABLE_STRICT_OBJC_MSGSEND = YES;
				GCC_C_LANGUAGE_STANDARD = gnu99;
				GCC_WARN_64_TO_32_BIT_CONVERSION = YES;
				GCC_WARN_ABOUT_RETURN_TYPE = YES_ERROR;
				GCC_WARN_UNDECLARED_SELECTOR = YES;
				GCC_WARN_UNINITIALIZED_AUTOS = YES_AGGRESSIVE;
				GCC_WARN_UNUSED_FUNCTION = YES;
				GCC_WARN_UNUSED_VARIABLE = YES;
				IPHONEOS_DEPLOYMENT_TARGET = 8.1;
				MTL_ENABLE_DEBUG_INFO = NO;
				SDKROOT = iphoneos;
				VALIDATE_PRODUCT = YES;
			};
			name = Release;
		};
		FE294D851A625167004088A2 /* Debug */ = {
			isa = XCBuildConfiguration;
			buildSettings = {
				ASSETCATALOG_COMPILER_APPICON_NAME = AppIcon;
				INFOPLIST_FILE = test/Info.plist;
				LD_RUNPATH_SEARCH_PATHS = "$(inherited) @executable_path/Frameworks";
				PRODUCT_NAME = "$(TARGET_NAME)";
			};
			name = Debug;
		};
		FE294D861A625167004088A2 /* Release */ = {
			isa = XCBuildConfiguration;
			buildSettings = {
				ASSETCATALOG_COMPILER_APPICON_NAME = AppIcon;
				INFOPLIST_FILE = test/Info.plist;
				LD_RUNPATH_SEARCH_PATHS = "$(inherited) @executable_path/Frameworks";
				PRODUCT_NAME = "$(TARGET_NAME)";
			};
			name = Release;
		};
		FE294D881A625167004088A2 /* Debug */ = {
			isa = XCBuildConfiguration;
			buildSettings = {
				BUNDLE_LOADER = "$(TEST_HOST)";
				FRAMEWORK_SEARCH_PATHS = (
					"$(SDKROOT)/Developer/Library/Frameworks",
					"$(inherited)",
				);
				GCC_PREPROCESSOR_DEFINITIONS = (
					"DEBUG=1",
					"$(inherited)",
				);
				INFOPLIST_FILE = testTests/Info.plist;
				LD_RUNPATH_SEARCH_PATHS = "$(inherited) @executable_path/Frameworks @loader_path/Frameworks";
				PRODUCT_NAME = "$(TARGET_NAME)";
				TEST_HOST = "$(BUILT_PRODUCTS_DIR)/test.app/test";
			};
			name = Debug;
		};
		FE294D891A625167004088A2 /* Release */ = {
			isa = XCBuildConfiguration;
			buildSettings = {
				BUNDLE_LOADER = "$(TEST_HOST)";
				FRAMEWORK_SEARCH_PATHS = (
					"$(SDKROOT)/Developer/Library/Frameworks",
					"$(inherited)",
				);
				INFOPLIST_FILE = testTests/Info.plist;
				LD_RUNPATH_SEARCH_PATHS = "$(inherited) @executable_path/Frameworks @loader_path/Frameworks";
				PRODUCT_NAME = "$(TARGET_NAME)";
				TEST_HOST = "$(BUILT_PRODUCTS_DIR)/test.app/test";
			};
			name = Release;
		};
/* End XCBuildConfiguration section */

/* Begin XCConfigurationList section */
		FE294D621A625167004088A2 /* Build configuration list for PBXProject "test" */ = {
			isa = XCConfigurationList;
			buildConfigurations = (
				FE294D821A625167004088A2 /* Debug */,
				FE294D831A625167004088A2 /* Release */,
			);
			defaultConfigurationIsVisible = 0;
			defaultConfigurationName = Release;
		};
		FE294D841A625167004088A2 /* Build configuration list for PBXNativeTarget "test" */ = {
			isa = XCConfigurationList;
			buildConfigurations = (
				FE294D851A625167004088A2 /* Debug */,
				FE294D861A625167004088A2 /* Release */,
			);
			defaultConfigurationIsVisible = 0;
		};
		FE294D871A625167004088A2 /* Build configuration list for PBXNativeTarget "testTests" */ = {
			isa = XCConfigurationList;
			buildConfigurations = (
				FE294D881A625167004088A2 /* Debug */,
				FE294D891A625167004088A2 /* Release */,
			);
			defaultConfigurationIsVisible = 0;
		};
/* End XCConfigurationList section */
	};
	rootObject = FE294D5F1A625167004088A2 /* Project object */;
}
