// !$*UTF8*$!
{
	archiveVersion = 1;
	classes = {
	};
	objectVersion = 46;
	objects = {

/* Begin PBXBuildFile section */
		FED4BF481A6797E4005A19E9 /* main.m in Sources */ = {isa = PBXBuildFile; fileRef = FED4BF471A6797E4005A19E9 /* main.m */; };
		FED4BF4B1A6797E4005A19E9 /* AppDelegate.m in Sources */ = {isa = PBXBuildFile; fileRef = FED4BF4A1A6797E4005A19E9 /* AppDelegate.m */; };
		FED4BF4D1A6797E4005A19E9 /* Images.xcassets in Resources */ = {isa = PBXBuildFile; fileRef = FED4BF4C1A6797E4005A19E9 /* Images.xcassets */; };
		FED4BF501A6797E4005A19E9 /* LaunchScreen.xib in Resources */ = {isa = PBXBuildFile; fileRef = FED4BF4E1A6797E4005A19E9 /* LaunchScreen.xib */; };
		FED4BF5C1A6797E4005A19E9 /* holaMundoTests.m in Sources */ = {isa = PBXBuildFile; fileRef = FED4BF5B1A6797E4005A19E9 /* holaMundoTests.m */; };
		FED4BF6B1A679C13005A19E9 /* mainController.m in Sources */ = {isa = PBXBuildFile; fileRef = FED4BF691A679C13005A19E9 /* mainController.m */; };
		FED4BF6C1A679C13005A19E9 /* mainController.xib in Resources */ = {isa = PBXBuildFile; fileRef = FED4BF6A1A679C13005A19E9 /* mainController.xib */; };
/* End PBXBuildFile section */

/* Begin PBXContainerItemProxy section */
		FED4BF561A6797E4005A19E9 /* PBXContainerItemProxy */ = {
			isa = PBXContainerItemProxy;
			containerPortal = FED4BF3A1A6797E4005A19E9 /* Project object */;
			proxyType = 1;
			remoteGlobalIDString = FED4BF411A6797E4005A19E9;
			remoteInfo = holaMundo;
		};
/* End PBXContainerItemProxy section */

/* Begin PBXFileReference section */
		FED4BF421A6797E4005A19E9 /* holaMundo.app */ = {isa = PBXFileReference; explicitFileType = wrapper.application; includeInIndex = 0; path = holaMundo.app; sourceTree = BUILT_PRODUCTS_DIR; };
		FED4BF461A6797E4005A19E9 /* Info.plist */ = {isa = PBXFileReference; lastKnownFileType = text.plist.xml; path = Info.plist; sourceTree = "<group>"; };
		FED4BF471A6797E4005A19E9 /* main.m */ = {isa = PBXFileReference; lastKnownFileType = sourcecode.c.objc; path = main.m; sourceTree = "<group>"; };
		FED4BF491A6797E4005A19E9 /* AppDelegate.h */ = {isa = PBXFileReference; lastKnownFileType = sourcecode.c.h; path = AppDelegate.h; sourceTree = "<group>"; };
		FED4BF4A1A6797E4005A19E9 /* AppDelegate.m */ = {isa = PBXFileReference; lastKnownFileType = sourcecode.c.objc; path = AppDelegate.m; sourceTree = "<group>"; };
		FED4BF4C1A6797E4005A19E9 /* Images.xcassets */ = {isa = PBXFileReference; lastKnownFileType = folder.assetcatalog; path = Images.xcassets; sourceTree = "<group>"; };
		FED4BF4F1A6797E4005A19E9 /* Base */ = {isa = PBXFileReference; lastKnownFileType = file.xib; name = Base; path = Base.lproj/LaunchScreen.xib; sourceTree = "<group>"; };
		FED4BF551A6797E4005A19E9 /* holaMundoTests.xctest */ = {isa = PBXFileReference; explicitFileType = wrapper.cfbundle; includeInIndex = 0; path = holaMundoTests.xctest; sourceTree = BUILT_PRODUCTS_DIR; };
		FED4BF5A1A6797E4005A19E9 /* Info.plist */ = {isa = PBXFileReference; lastKnownFileType = text.plist.xml; path = Info.plist; sourceTree = "<group>"; };
		FED4BF5B1A6797E4005A19E9 /* holaMundoTests.m */ = {isa = PBXFileReference; lastKnownFileType = sourcecode.c.objc; path = holaMundoTests.m; sourceTree = "<group>"; };
		FED4BF681A679C13005A19E9 /* mainController.h */ = {isa = PBXFileReference; fileEncoding = 4; lastKnownFileType = sourcecode.c.h; path = mainController.h; sourceTree = "<group>"; };
		FED4BF691A679C13005A19E9 /* mainController.m */ = {isa = PBXFileReference; fileEncoding = 4; lastKnownFileType = sourcecode.c.objc; path = mainController.m; sourceTree = "<group>"; };
		FED4BF6A1A679C13005A19E9 /* mainController.xib */ = {isa = PBXFileReference; fileEncoding = 4; lastKnownFileType = file.xib; path = mainController.xib; sourceTree = "<group>"; };
/* End PBXFileReference section */

/* Begin PBXFrameworksBuildPhase section */
		FED4BF3F1A6797E4005A19E9 /* Frameworks */ = {
			isa = PBXFrameworksBuildPhase;
			buildActionMask = 2147483647;
			files = (
			);
			runOnlyForDeploymentPostprocessing = 0;
		};
		FED4BF521A6797E4005A19E9 /* Frameworks */ = {
			isa = PBXFrameworksBuildPhase;
			buildActionMask = 2147483647;
			files = (
			);
			runOnlyForDeploymentPostprocessing = 0;
		};
/* End PBXFrameworksBuildPhase section */

/* Begin PBXGroup section */
		FED4BF391A6797E4005A19E9 = {
			isa = PBXGroup;
			children = (
				FED4BF441A6797E4005A19E9 /* holaMundo */,
				FED4BF581A6797E4005A19E9 /* holaMundoTests */,
				FED4BF431A6797E4005A19E9 /* Products */,
			);
			sourceTree = "<group>";
		};
		FED4BF431A6797E4005A19E9 /* Products */ = {
			isa = PBXGroup;
			children = (
				FED4BF421A6797E4005A19E9 /* holaMundo.app */,
				FED4BF551A6797E4005A19E9 /* holaMundoTests.xctest */,
			);
			name = Products;
			sourceTree = "<group>";
		};
		FED4BF441A6797E4005A19E9 /* holaMundo */ = {
			isa = PBXGroup;
			children = (
				FED4BF661A679968005A19E9 /* viewControllers */,
				FED4BF651A679954005A19E9 /* app delegate */,
				FED4BF4C1A6797E4005A19E9 /* Images.xcassets */,
				FED4BF4E1A6797E4005A19E9 /* LaunchScreen.xib */,
				FED4BF451A6797E4005A19E9 /* Supporting Files */,
			);
			path = holaMundo;
			sourceTree = "<group>";
		};
		FED4BF451A6797E4005A19E9 /* Supporting Files */ = {
			isa = PBXGroup;
			children = (
				FED4BF461A6797E4005A19E9 /* Info.plist */,
				FED4BF471A6797E4005A19E9 /* main.m */,
			);
			name = "Supporting Files";
			sourceTree = "<group>";
		};
		FED4BF581A6797E4005A19E9 /* holaMundoTests */ = {
			isa = PBXGroup;
			children = (
				FED4BF5B1A6797E4005A19E9 /* holaMundoTests.m */,
				FED4BF591A6797E4005A19E9 /* Supporting Files */,
			);
			path = holaMundoTests;
			sourceTree = "<group>";
		};
		FED4BF591A6797E4005A19E9 /* Supporting Files */ = {
			isa = PBXGroup;
			children = (
				FED4BF5A1A6797E4005A19E9 /* Info.plist */,
			);
			name = "Supporting Files";
			sourceTree = "<group>";
		};
		FED4BF651A679954005A19E9 /* app delegate */ = {
			isa = PBXGroup;
			children = (
				FED4BF491A6797E4005A19E9 /* AppDelegate.h */,
				FED4BF4A1A6797E4005A19E9 /* AppDelegate.m */,
			);
			name = "app delegate";
			sourceTree = "<group>";
		};
		FED4BF661A679968005A19E9 /* viewControllers */ = {
			isa = PBXGroup;
			children = (
				FED4BF671A679AB6005A19E9 /* mainController */,
			);
			name = viewControllers;
			sourceTree = "<group>";
		};
		FED4BF671A679AB6005A19E9 /* mainController */ = {
			isa = PBXGroup;
			children = (
				FED4BF681A679C13005A19E9 /* mainController.h */,
				FED4BF691A679C13005A19E9 /* mainController.m */,
				FED4BF6A1A679C13005A19E9 /* mainController.xib */,
			);
			name = mainController;
			sourceTree = "<group>";
		};
/* End PBXGroup section */

/* Begin PBXNativeTarget section */
		FED4BF411A6797E4005A19E9 /* holaMundo */ = {
			isa = PBXNativeTarget;
			buildConfigurationList = FED4BF5F1A6797E4005A19E9 /* Build configuration list for PBXNativeTarget "holaMundo" */;
			buildPhases = (
				FED4BF3E1A6797E4005A19E9 /* Sources */,
				FED4BF3F1A6797E4005A19E9 /* Frameworks */,
				FED4BF401A6797E4005A19E9 /* Resources */,
			);
			buildRules = (
			);
			dependencies = (
			);
			name = holaMundo;
			productName = holaMundo;
			productReference = FED4BF421A6797E4005A19E9 /* holaMundo.app */;
			productType = "com.apple.product-type.application";
		};
		FED4BF541A6797E4005A19E9 /* holaMundoTests */ = {
			isa = PBXNativeTarget;
			buildConfigurationList = FED4BF621A6797E4005A19E9 /* Build configuration list for PBXNativeTarget "holaMundoTests" */;
			buildPhases = (
				FED4BF511A6797E4005A19E9 /* Sources */,
				FED4BF521A6797E4005A19E9 /* Frameworks */,
				FED4BF531A6797E4005A19E9 /* Resources */,
			);
			buildRules = (
			);
			dependencies = (
				FED4BF571A6797E4005A19E9 /* PBXTargetDependency */,
			);
			name = holaMundoTests;
			productName = holaMundoTests;
			productReference = FED4BF551A6797E4005A19E9 /* holaMundoTests.xctest */;
			productType = "com.apple.product-type.bundle.unit-test";
		};
/* End PBXNativeTarget section */

/* Begin PBXProject section */
		FED4BF3A1A6797E4005A19E9 /* Project object */ = {
			isa = PBXProject;
			attributes = {
				LastUpgradeCheck = 0610;
				ORGANIZATIONNAME = xcreenlab;
				TargetAttributes = {
					FED4BF411A6797E4005A19E9 = {
						CreatedOnToolsVersion = 6.1.1;
					};
					FED4BF541A6797E4005A19E9 = {
						CreatedOnToolsVersion = 6.1.1;
						TestTargetID = FED4BF411A6797E4005A19E9;
					};
				};
			};
			buildConfigurationList = FED4BF3D1A6797E4005A19E9 /* Build configuration list for PBXProject "holaMundo" */;
			compatibilityVersion = "Xcode 3.2";
			developmentRegion = English;
			hasScannedForEncodings = 0;
			knownRegions = (
				en,
				Base,
			);
			mainGroup = FED4BF391A6797E4005A19E9;
			productRefGroup = FED4BF431A6797E4005A19E9 /* Products */;
			projectDirPath = "";
			projectRoot = "";
			targets = (
				FED4BF411A6797E4005A19E9 /* holaMundo */,
				FED4BF541A6797E4005A19E9 /* holaMundoTests */,
			);
		};
/* End PBXProject section */

/* Begin PBXResourcesBuildPhase section */
		FED4BF401A6797E4005A19E9 /* Resources */ = {
			isa = PBXResourcesBuildPhase;
			buildActionMask = 2147483647;
			files = (
				FED4BF501A6797E4005A19E9 /* LaunchScreen.xib in Resources */,
				FED4BF4D1A6797E4005A19E9 /* Images.xcassets in Resources */,
				FED4BF6C1A679C13005A19E9 /* mainController.xib in Resources */,
			);
			runOnlyForDeploymentPostprocessing = 0;
		};
		FED4BF531A6797E4005A19E9 /* Resources */ = {
			isa = PBXResourcesBuildPhase;
			buildActionMask = 2147483647;
			files = (
			);
			runOnlyForDeploymentPostprocessing = 0;
		};
/* End PBXResourcesBuildPhase section */

/* Begin PBXSourcesBuildPhase section */
		FED4BF3E1A6797E4005A19E9 /* Sources */ = {
			isa = PBXSourcesBuildPhase;
			buildActionMask = 2147483647;
			files = (
				FED4BF6B1A679C13005A19E9 /* mainController.m in Sources */,
				FED4BF4B1A6797E4005A19E9 /* AppDelegate.m in Sources */,
				FED4BF481A6797E4005A19E9 /* main.m in Sources */,
			);
			runOnlyForDeploymentPostprocessing = 0;
		};
		FED4BF511A6797E4005A19E9 /* Sources */ = {
			isa = PBXSourcesBuildPhase;
			buildActionMask = 2147483647;
			files = (
				FED4BF5C1A6797E4005A19E9 /* holaMundoTests.m in Sources */,
			);
			runOnlyForDeploymentPostprocessing = 0;
		};
/* End PBXSourcesBuildPhase section */

/* Begin PBXTargetDependency section */
		FED4BF571A6797E4005A19E9 /* PBXTargetDependency */ = {
			isa = PBXTargetDependency;
			target = FED4BF411A6797E4005A19E9 /* holaMundo */;
			targetProxy = FED4BF561A6797E4005A19E9 /* PBXContainerItemProxy */;
		};
/* End PBXTargetDependency section */

/* Begin PBXVariantGroup section */
		FED4BF4E1A6797E4005A19E9 /* LaunchScreen.xib */ = {
			isa = PBXVariantGroup;
			children = (
				FED4BF4F1A6797E4005A19E9 /* Base */,
			);
			name = LaunchScreen.xib;
			sourceTree = "<group>";
		};
/* End PBXVariantGroup section */

/* Begin XCBuildConfiguration section */
		FED4BF5D1A6797E4005A19E9 /* Debug */ = {
			isa = XCBuildConfiguration;
			buildSettings = {
				ALWAYS_SEARCH_USER_PATHS = NO;
				CLANG_CXX_LANGUAGE_STANDARD = "gnu++0x";
				CLANG_CXX_LIBRARY = "libc++";
				CLANG_ENABLE_MODULES = YES;
				CLANG_ENABLE_OBJC_ARC = YES;
				CLANG_WARN_BOOL_CONVERSION = YES;
				CLANG_WARN_CONSTANT_CONVERSION = YES;
				CLANG_WARN_DIRECT_OBJC_ISA_USAGE = YES_ERROR;
				CLANG_WARN_EMPTY_BODY = YES;
				CLANG_WARN_ENUM_CONVERSION = YES;
				CLANG_WARN_INT_CONVERSION = YES;
				CLANG_WARN_OBJC_ROOT_CLASS = YES_ERROR;
				CLANG_WARN_UNREACHABLE_CODE = YES;
				CLANG_WARN__DUPLICATE_METHOD_MATCH = YES;
				"CODE_SIGN_IDENTITY[sdk=iphoneos*]" = "iPhone Developer";
				COPY_PHASE_STRIP = NO;
				ENABLE_STRICT_OBJC_MSGSEND = YES;
				GCC_C_LANGUAGE_STANDARD = gnu99;
				GCC_DYNAMIC_NO_PIC = NO;
				GCC_OPTIMIZATION_LEVEL = 0;
				GCC_PREPROCESSOR_DEFINITIONS = (
					"DEBUG=1",
					"$(inherited)",
				);
				GCC_SYMBOLS_PRIVATE_EXTERN = NO;
				GCC_WARN_64_TO_32_BIT_CONVERSION = YES;
				GCC_WARN_ABOUT_RETURN_TYPE = YES_ERROR;
				GCC_WARN_UNDECLARED_SELECTOR = YES;
				GCC_WARN_UNINITIALIZED_AUTOS = YES_AGGRESSIVE;
				GCC_WARN_UNUSED_FUNCTION = YES;
				GCC_WARN_UNUSED_VARIABLE = YES;
				IPHONEOS_DEPLOYMENT_TARGET = 8.1;
				MTL_ENABLE_DEBUG_INFO = YES;
				ONLY_ACTIVE_ARCH = YES;
				SDKROOT = iphoneos;
			};
			name = Debug;
		};
		FED4BF5E1A6797E4005A19E9 /* Release */ = {
			isa = XCBuildConfiguration;
			buildSettings = {
				ALWAYS_SEARCH_USER_PATHS = NO;
				CLANG_CXX_LANGUAGE_STANDARD = "gnu++0x";
				CLANG_CXX_LIBRARY = "libc++";
				CLANG_ENABLE_MODULES = YES;
				CLANG_ENABLE_OBJC_ARC = YES;
				CLANG_WARN_BOOL_CONVERSION = YES;
				CLANG_WARN_CONSTANT_CONVERSION = YES;
				CLANG_WARN_DIRECT_OBJC_ISA_USAGE = YES_ERROR;
				CLANG_WARN_EMPTY_BODY = YES;
				CLANG_WARN_ENUM_CONVERSION = YES;
				CLANG_WARN_INT_CONVERSION = YES;
				CLANG_WARN_OBJC_ROOT_CLASS = YES_ERROR;
				CLANG_WARN_UNREACHABLE_CODE = YES;
				CLANG_WARN__DUPLICATE_METHOD_MATCH = YES;
				"CODE_SIGN_IDENTITY[sdk=iphoneos*]" = "iPhone Developer";
				COPY_PHASE_STRIP = YES;
				ENABLE_NS_ASSERTIONS = NO;
				ENABLE_STRICT_OBJC_MSGSEND = YES;
				GCC_C_LANGUAGE_STANDARD = gnu99;
				GCC_WARN_64_TO_32_BIT_CONVERSION = YES;
				GCC_WARN_ABOUT_RETURN_TYPE = YES_ERROR;
				GCC_WARN_UNDECLARED_SELECTOR = YES;
				GCC_WARN_UNINITIALIZED_AUTOS = YES_AGGRESSIVE;
				GCC_WARN_UNUSED_FUNCTION = YES;
				GCC_WARN_UNUSED_VARIABLE = YES;
				IPHONEOS_DEPLOYMENT_TARGET = 8.1;
				MTL_ENABLE_DEBUG_INFO = NO;
				SDKROOT = iphoneos;
				VALIDATE_PRODUCT = YES;
			};
			name = Release;
		};
		FED4BF601A6797E4005A19E9 /* Debug */ = {
			isa = XCBuildConfiguration;
			buildSettings = {
				ASSETCATALOG_COMPILER_APPICON_NAME = AppIcon;
				INFOPLIST_FILE = holaMundo/Info.plist;
				LD_RUNPATH_SEARCH_PATHS = "$(inherited) @executable_path/Frameworks";
				PRODUCT_NAME = "$(TARGET_NAME)";
			};
			name = Debug;
		};
		FED4BF611A6797E4005A19E9 /* Release */ = {
			isa = XCBuildConfiguration;
			buildSettings = {
				ASSETCATALOG_COMPILER_APPICON_NAME = AppIcon;
				INFOPLIST_FILE = holaMundo/Info.plist;
				LD_RUNPATH_SEARCH_PATHS = "$(inherited) @executable_path/Frameworks";
				PRODUCT_NAME = "$(TARGET_NAME)";
			};
			name = Release;
		};
		FED4BF631A6797E4005A19E9 /* Debug */ = {
			isa = XCBuildConfiguration;
			buildSettings = {
				BUNDLE_LOADER = "$(TEST_HOST)";
				FRAMEWORK_SEARCH_PATHS = (
					"$(SDKROOT)/Developer/Library/Frameworks",
					"$(inherited)",
				);
				GCC_PREPROCESSOR_DEFINITIONS = (
					"DEBUG=1",
					"$(inherited)",
				);
				INFOPLIST_FILE = holaMundoTests/Info.plist;
				LD_RUNPATH_SEARCH_PATHS = "$(inherited) @executable_path/Frameworks @loader_path/Frameworks";
				PRODUCT_NAME = "$(TARGET_NAME)";
				TEST_HOST = "$(BUILT_PRODUCTS_DIR)/holaMundo.app/holaMundo";
			};
			name = Debug;
		};
		FED4BF641A6797E4005A19E9 /* Release */ = {
			isa = XCBuildConfiguration;
			buildSettings = {
				BUNDLE_LOADER = "$(TEST_HOST)";
				FRAMEWORK_SEARCH_PATHS = (
					"$(SDKROOT)/Developer/Library/Frameworks",
					"$(inherited)",
				);
				INFOPLIST_FILE = holaMundoTests/Info.plist;
				LD_RUNPATH_SEARCH_PATHS = "$(inherited) @executable_path/Frameworks @loader_path/Frameworks";
				PRODUCT_NAME = "$(TARGET_NAME)";
				TEST_HOST = "$(BUILT_PRODUCTS_DIR)/holaMundo.app/holaMundo";
			};
			name = Release;
		};
/* End XCBuildConfiguration section */

/* Begin XCConfigurationList section */
		FED4BF3D1A6797E4005A19E9 /* Build configuration list for PBXProject "holaMundo" */ = {
			isa = XCConfigurationList;
			buildConfigurations = (
				FED4BF5D1A6797E4005A19E9 /* Debug */,
				FED4BF5E1A6797E4005A19E9 /* Release */,
			);
			defaultConfigurationIsVisible = 0;
			defaultConfigurationName = Release;
		};
		FED4BF5F1A6797E4005A19E9 /* Build configuration list for PBXNativeTarget "holaMundo" */ = {
			isa = XCConfigurationList;
			buildConfigurations = (
				FED4BF601A6797E4005A19E9 /* Debug */,
				FED4BF611A6797E4005A19E9 /* Release */,
			);
			defaultConfigurationIsVisible = 0;
		};
		FED4BF621A6797E4005A19E9 /* Build configuration list for PBXNativeTarget "holaMundoTests" */ = {
			isa = XCConfigurationList;
			buildConfigurations = (
				FED4BF631A6797E4005A19E9 /* Debug */,
				FED4BF641A6797E4005A19E9 /* Release */,
			);
			defaultConfigurationIsVisible = 0;
		};
/* End XCConfigurationList section */
	};
	rootObject = FED4BF3A1A6797E4005A19E9 /* Project object */;
}
